
Microsoft Visual Studio Solution File, Format Version 12.00
# Visual Studio Version 17
VisualStudioVersion = 17.4.33103.184
MinimumVisualStudioVersion = 10.0.40219.1
Project("{FAE04EC0-301F-11D3-BF4B-00C04F79EFBC}") = "Segment Color-Mappin", "Segment Color-Mappin\Segment Color-Mappin.csproj", "{D311117F-C224-4898-81E1-65F7A53BF139}"
EndProject
Global
	GlobalSection(SolutionConfigurationPlatforms) = preSolution
		Debug|Any CPU = Debug|Any CPU
		Release|Any CPU = Release|Any CPU
	EndGlobalSection
	GlobalSection(ProjectConfigurationPlatforms) = postSolution
		{D311117F-C224-4898-81E1-65F7A53BF139}.Debug|Any CPU.ActiveCfg = Debug|Any CPU
		{D311117F-C224-4898-81E1-65F7A53BF139}.Debug|Any CPU.Build.0 = Debug|Any CPU
		{D311117F-C224-4898-81E1-65F7A53BF139}.Release|Any CPU.ActiveCfg = Release|Any CPU
		{D311117F-C224-4898-81E1-65F7A53BF139}.Release|Any CPU.Build.0 = Release|Any CPU
	EndGlobalSection
	GlobalSection(SolutionProperties) = preSolution
		HideSolutionNode = FALSE
	EndGlobalSection
	GlobalSection(ExtensibilityGlobals) = postSolution
		SolutionGuid = {2F964506-AB1E-4C8C-9CFE-CE720C65BCD2}
	EndGlobalSection
EndGlobal
